// !$*UTF8*$!
{
	archiveVersion = 1;
	classes = {
	};
	objectVersion = 46;
	objects = {

/* Begin PBXBuildFile section */
		519D95C31C52C61C00FC7298 /* main.cpp in Sources */ = {isa = PBXBuildFile; fileRef = 519D95C21C52C61C00FC7298 /* main.cpp */; };
		519D95CB1C52C68500FC7298 /* Neuron.cpp in Sources */ = {isa = PBXBuildFile; fileRef = 519D95C91C52C68500FC7298 /* Neuron.cpp */; };
		519D95CF1C52CA9E00FC7298 /* Layer.cpp in Sources */ = {isa = PBXBuildFile; fileRef = 519D95CD1C52CA9E00FC7298 /* Layer.cpp */; };
		519D95D21C52CCB200FC7298 /* SigmoidLayer.cpp in Sources */ = {isa = PBXBuildFile; fileRef = 519D95D01C52CCB200FC7298 /* SigmoidLayer.cpp */; };
		519D95D51C52D1FA00FC7298 /* SoftMaxLayer.cpp in Sources */ = {isa = PBXBuildFile; fileRef = 519D95D31C52D1FA00FC7298 /* SoftMaxLayer.cpp */; };
		519D95D91C52D40900FC7298 /* NeuralNet.cpp in Sources */ = {isa = PBXBuildFile; fileRef = 519D95D61C52D25F00FC7298 /* NeuralNet.cpp */; };
/* End PBXBuildFile section */

/* Begin PBXCopyFilesBuildPhase section */
		519D95BD1C52C61C00FC7298 /* CopyFiles */ = {
			isa = PBXCopyFilesBuildPhase;
			buildActionMask = 2147483647;
			dstPath = /usr/share/man/man1/;
			dstSubfolderSpec = 0;
			files = (
			);
			runOnlyForDeploymentPostprocessing = 1;
		};
/* End PBXCopyFilesBuildPhase section */

/* Begin PBXFileReference section */
		519D95BF1C52C61C00FC7298 /* MatlabNN */ = {isa = PBXFileReference; explicitFileType = "compiled.mach-o.executable"; includeInIndex = 0; path = MatlabNN; sourceTree = BUILT_PRODUCTS_DIR; };
		519D95C21C52C61C00FC7298 /* main.cpp */ = {isa = PBXFileReference; lastKnownFileType = sourcecode.cpp.cpp; path = main.cpp; sourceTree = "<group>"; };
		519D95C91C52C68500FC7298 /* Neuron.cpp */ = {isa = PBXFileReference; fileEncoding = 4; lastKnownFileType = sourcecode.cpp.cpp; path = Neuron.cpp; sourceTree = "<group>"; };
		519D95CA1C52C68500FC7298 /* Neuron.hpp */ = {isa = PBXFileReference; fileEncoding = 4; lastKnownFileType = sourcecode.cpp.h; path = Neuron.hpp; sourceTree = "<group>"; };
		519D95CC1C52C6A000FC7298 /* structure.txt */ = {isa = PBXFileReference; lastKnownFileType = text; path = structure.txt; sourceTree = "<group>"; };
		519D95CD1C52CA9E00FC7298 /* Layer.cpp */ = {isa = PBXFileReference; fileEncoding = 4; lastKnownFileType = sourcecode.cpp.cpp; path = Layer.cpp; sourceTree = "<group>"; };
		519D95CE1C52CA9E00FC7298 /* Layer.hpp */ = {isa = PBXFileReference; fileEncoding = 4; lastKnownFileType = sourcecode.cpp.h; path = Layer.hpp; sourceTree = "<group>"; };
		519D95D01C52CCB200FC7298 /* SigmoidLayer.cpp */ = {isa = PBXFileReference; fileEncoding = 4; lastKnownFileType = sourcecode.cpp.cpp; path = SigmoidLayer.cpp; sourceTree = "<group>"; };
		519D95D11C52CCB200FC7298 /* SigmoidLayer.hpp */ = {isa = PBXFileReference; fileEncoding = 4; lastKnownFileType = sourcecode.cpp.h; path = SigmoidLayer.hpp; sourceTree = "<group>"; };
		519D95D31C52D1FA00FC7298 /* SoftMaxLayer.cpp */ = {isa = PBXFileReference; fileEncoding = 4; lastKnownFileType = sourcecode.cpp.cpp; path = SoftMaxLayer.cpp; sourceTree = "<group>"; };
		519D95D41C52D1FA00FC7298 /* SoftMaxLayer.hpp */ = {isa = PBXFileReference; fileEncoding = 4; lastKnownFileType = sourcecode.cpp.h; path = SoftMaxLayer.hpp; sourceTree = "<group>"; };
		519D95D61C52D25F00FC7298 /* NeuralNet.cpp */ = {isa = PBXFileReference; fileEncoding = 4; lastKnownFileType = sourcecode.cpp.cpp; path = NeuralNet.cpp; sourceTree = "<group>"; };
		519D95D71C52D25F00FC7298 /* NeuralNet.hpp */ = {isa = PBXFileReference; fileEncoding = 4; lastKnownFileType = sourcecode.cpp.h; path = NeuralNet.hpp; sourceTree = "<group>"; };
/* End PBXFileReference section */

/* Begin PBXFrameworksBuildPhase section */
		519D95BC1C52C61C00FC7298 /* Frameworks */ = {
			isa = PBXFrameworksBuildPhase;
			buildActionMask = 2147483647;
			files = (
			);
			runOnlyForDeploymentPostprocessing = 0;
		};
/* End PBXFrameworksBuildPhase section */

/* Begin PBXGroup section */
		519D95B61C52C61C00FC7298 = {
			isa = PBXGroup;
			children = (
				519D95C11C52C61C00FC7298 /* MatlabNN */,
				519D95C01C52C61C00FC7298 /* Products */,
			);
			sourceTree = "<group>";
		};
		519D95C01C52C61C00FC7298 /* Products */ = {
			isa = PBXGroup;
			children = (
				519D95BF1C52C61C00FC7298 /* MatlabNN */,
			);
			name = Products;
			sourceTree = "<group>";
		};
		519D95C11C52C61C00FC7298 /* MatlabNN */ = {
			isa = PBXGroup;
			children = (
				519D95CC1C52C6A000FC7298 /* structure.txt */,
				519D95C21C52C61C00FC7298 /* main.cpp */,
				519D95C91C52C68500FC7298 /* Neuron.cpp */,
				519D95CA1C52C68500FC7298 /* Neuron.hpp */,
				519D95CD1C52CA9E00FC7298 /* Layer.cpp */,
				519D95CE1C52CA9E00FC7298 /* Layer.hpp */,
				519D95D01C52CCB200FC7298 /* SigmoidLayer.cpp */,
				519D95D11C52CCB200FC7298 /* SigmoidLayer.hpp */,
				519D95D31C52D1FA00FC7298 /* SoftMaxLayer.cpp */,
				519D95D41C52D1FA00FC7298 /* SoftMaxLayer.hpp */,
				519D95D61C52D25F00FC7298 /* NeuralNet.cpp */,
				519D95D71C52D25F00FC7298 /* NeuralNet.hpp */,
			);
			path = MatlabNN;
			sourceTree = "<group>";
		};
/* End PBXGroup section */

/* Begin PBXNativeTarget section */
		519D95BE1C52C61C00FC7298 /* MatlabNN */ = {
			isa = PBXNativeTarget;
			buildConfigurationList = 519D95C61C52C61C00FC7298 /* Build configuration list for PBXNativeTarget "MatlabNN" */;
			buildPhases = (
				519D95BB1C52C61C00FC7298 /* Sources */,
				519D95BC1C52C61C00FC7298 /* Frameworks */,
				519D95BD1C52C61C00FC7298 /* CopyFiles */,
			);
			buildRules = (
			);
			dependencies = (
			);
			name = MatlabNN;
			productName = MatlabNN;
			productReference = 519D95BF1C52C61C00FC7298 /* MatlabNN */;
			productType = "com.apple.product-type.tool";
		};
/* End PBXNativeTarget section */

/* Begin PBXProject section */
		519D95B71C52C61C00FC7298 /* Project object */ = {
			isa = PBXProject;
			attributes = {
				LastUpgradeCheck = 0720;
				ORGANIZATIONNAME = "Terna Kpamber";
				TargetAttributes = {
					519D95BE1C52C61C00FC7298 = {
						CreatedOnToolsVersion = 7.2;
					};
				};
			};
			buildConfigurationList = 519D95BA1C52C61C00FC7298 /* Build configuration list for PBXProject "MatlabNN" */;
			compatibilityVersion = "Xcode 3.2";
			developmentRegion = English;
			hasScannedForEncodings = 0;
			knownRegions = (
				en,
			);
			mainGroup = 519D95B61C52C61C00FC7298;
			productRefGroup = 519D95C01C52C61C00FC7298 /* Products */;
			projectDirPath = "";
			projectRoot = "";
			targets = (
				519D95BE1C52C61C00FC7298 /* MatlabNN */,
			);
		};
/* End PBXProject section */

/* Begin PBXSourcesBuildPhase section */
		519D95BB1C52C61C00FC7298 /* Sources */ = {
			isa = PBXSourcesBuildPhase;
			buildActionMask = 2147483647;
			files = (
				519D95D91C52D40900FC7298 /* NeuralNet.cpp in Sources */,
				519D95CF1C52CA9E00FC7298 /* Layer.cpp in Sources */,
				519D95CB1C52C68500FC7298 /* Neuron.cpp in Sources */,
				519D95D21C52CCB200FC7298 /* SigmoidLayer.cpp in Sources */,
				519D95D51C52D1FA00FC7298 /* SoftMaxLayer.cpp in Sources */,
				519D95C31C52C61C00FC7298 /* main.cpp in Sources */,
			);
			runOnlyForDeploymentPostprocessing = 0;
		};
/* End PBXSourcesBuildPhase section */

/* Begin XCBuildConfiguration section */
		519D95C41C52C61C00FC7298 /* Debug */ = {
			isa = XCBuildConfiguration;
			buildSettings = {
				ALWAYS_SEARCH_USER_PATHS = NO;
				CLANG_CXX_LANGUAGE_STANDARD = "gnu++0x";
				CLANG_CXX_LIBRARY = "libc++";
				CLANG_ENABLE_MODULES = YES;
				CLANG_ENABLE_OBJC_ARC = YES;
				CLANG_WARN_BOOL_CONVERSION = YES;
				CLANG_WARN_CONSTANT_CONVERSION = YES;
				CLANG_WARN_DIRECT_OBJC_ISA_USAGE = YES_ERROR;
				CLANG_WARN_EMPTY_BODY = YES;
				CLANG_WARN_ENUM_CONVERSION = YES;
				CLANG_WARN_INT_CONVERSION = YES;
				CLANG_WARN_OBJC_ROOT_CLASS = YES_ERROR;
				CLANG_WARN_UNREACHABLE_CODE = YES;
				CLANG_WARN__DUPLICATE_METHOD_MATCH = YES;
				CODE_SIGN_IDENTITY = "-";
				COPY_PHASE_STRIP = NO;
				DEBUG_INFORMATION_FORMAT = dwarf;
				ENABLE_STRICT_OBJC_MSGSEND = YES;
				ENABLE_TESTABILITY = YES;
				GCC_C_LANGUAGE_STANDARD = gnu99;
				GCC_DYNAMIC_NO_PIC = NO;
				GCC_NO_COMMON_BLOCKS = YES;
				GCC_OPTIMIZATION_LEVEL = 0;
				GCC_PREPROCESSOR_DEFINITIONS = (
					"DEBUG=1",
					"$(inherited)",
				);
				GCC_WARN_64_TO_32_BIT_CONVERSION = YES;
				GCC_WARN_ABOUT_RETURN_TYPE = YES_ERROR;
				GCC_WARN_UNDECLARED_SELECTOR = YES;
				GCC_WARN_UNINITIALIZED_AUTOS = YES_AGGRESSIVE;
				GCC_WARN_UNUSED_FUNCTION = YES;
				GCC_WARN_UNUSED_VARIABLE = YES;
				MACOSX_DEPLOYMENT_TARGET = 10.11;
				MTL_ENABLE_DEBUG_INFO = YES;
				ONLY_ACTIVE_ARCH = YES;
				SDKROOT = macosx;
			};
			name = Debug;
		};
		519D95C51C52C61C00FC7298 /* Release */ = {
			isa = XCBuildConfiguration;
			buildSettings = {
				ALWAYS_SEARCH_USER_PATHS = NO;
				CLANG_CXX_LANGUAGE_STANDARD = "gnu++0x";
				CLANG_CXX_LIBRARY = "libc++";
				CLANG_ENABLE_MODULES = YES;
				CLANG_ENABLE_OBJC_ARC = YES;
				CLANG_WARN_BOOL_CONVERSION = YES;
				CLANG_WARN_CONSTANT_CONVERSION = YES;
				CLANG_WARN_DIRECT_OBJC_ISA_USAGE = YES_ERROR;
				CLANG_WARN_EMPTY_BODY = YES;
				CLANG_WARN_ENUM_CONVERSION = YES;
				CLANG_WARN_INT_CONVERSION = YES;
				CLANG_WARN_OBJC_ROOT_CLASS = YES_ERROR;
				CLANG_WARN_UNREACHABLE_CODE = YES;
				CLANG_WARN__DUPLICATE_METHOD_MATCH = YES;
				CODE_SIGN_IDENTITY = "-";
				COPY_PHASE_STRIP = NO;
				DEBUG_INFORMATION_FORMAT = "dwarf-with-dsym";
				ENABLE_NS_ASSERTIONS = NO;
				ENABLE_STRICT_OBJC_MSGSEND = YES;
				GCC_C_LANGUAGE_STANDARD = gnu99;
				GCC_NO_COMMON_BLOCKS = YES;
				GCC_WARN_64_TO_32_BIT_CONVERSION = YES;
				GCC_WARN_ABOUT_RETURN_TYPE = YES_ERROR;
				GCC_WARN_UNDECLARED_SELECTOR = YES;
				GCC_WARN_UNINITIALIZED_AUTOS = YES_AGGRESSIVE;
				GCC_WARN_UNUSED_FUNCTION = YES;
				GCC_WARN_UNUSED_VARIABLE = YES;
				MACOSX_DEPLOYMENT_TARGET = 10.11;
				MTL_ENABLE_DEBUG_INFO = NO;
				SDKROOT = macosx;
			};
			name = Release;
		};
		519D95C71C52C61C00FC7298 /* Debug */ = {
			isa = XCBuildConfiguration;
			buildSettings = {
				PRODUCT_NAME = "$(TARGET_NAME)";
			};
			name = Debug;
		};
		519D95C81C52C61C00FC7298 /* Release */ = {
			isa = XCBuildConfiguration;
			buildSettings = {
				PRODUCT_NAME = "$(TARGET_NAME)";
			};
			name = Release;
		};
/* End XCBuildConfiguration section */

/* Begin XCConfigurationList section */
		519D95BA1C52C61C00FC7298 /* Build configuration list for PBXProject "MatlabNN" */ = {
			isa = XCConfigurationList;
			buildConfigurations = (
				519D95C41C52C61C00FC7298 /* Debug */,
				519D95C51C52C61C00FC7298 /* Release */,
			);
			defaultConfigurationIsVisible = 0;
			defaultConfigurationName = Release;
		};
		519D95C61C52C61C00FC7298 /* Build configuration list for PBXNativeTarget "MatlabNN" */ = {
			isa = XCConfigurationList;
			buildConfigurations = (
				519D95C71C52C61C00FC7298 /* Debug */,
				519D95C81C52C61C00FC7298 /* Release */,
			);
			defaultConfigurationIsVisible = 0;
		};
/* End XCConfigurationList section */
	};
	rootObject = 519D95B71C52C61C00FC7298 /* Project object */;
}
